
Microsoft Visual Studio Solution File, Format Version 12.00
# Visual Studio 2013
VisualStudioVersion = 12.0.21005.1
MinimumVisualStudioVersion = 10.0.40219.1
Project("{FAE04EC0-301F-11D3-BF4B-00C04F79EFBC}") = "01-StringsInCsharp", "StringsInCsharp\01-StringsInCsharp.csproj", "{9D5EA879-3BCE-4F9C-9CE2-3673E4828258}"
EndProject
Project("{FAE04EC0-301F-11D3-BF4B-00C04F79EFBC}") = "02-ReverseString", "ReverseString\02-ReverseString.csproj", "{E6A7E9BA-BCE7-418F-8D14-79B8C8846546}"
EndProject
Project("{FAE04EC0-301F-11D3-BF4B-00C04F79EFBC}") = "03-CorrectBracket", "CorrectBracket\03-CorrectBracket.csproj", "{3476315B-9FAE-43D8-8839-94650FF1BE66}"
EndProject
Project("{FAE04EC0-301F-11D3-BF4B-00C04F79EFBC}") = "04-SubString", "SubString\04-SubString.csproj", "{71B1CE04-728D-4B76-A550-016C6D779C1A}"
EndProject
Project("{FAE04EC0-301F-11D3-BF4B-00C04F79EFBC}") = "05-ParseTags", "ParseTags\05-ParseTags.csproj", "{62102BAF-9CD1-4CF8-9872-6CB9B2520F68}"
EndProject
Project("{FAE04EC0-301F-11D3-BF4B-00C04F79EFBC}") = "06-StringLength", "StringLength\06-StringLength.csproj", "{E3365071-87CD-45F5-850F-B841B3DAB3EA}"
EndProject
Project("{FAE04EC0-301F-11D3-BF4B-00C04F79EFBC}") = "07-EncodeDecode", "EncodeDecode\07-EncodeDecode.csproj", "{540386A4-82BB-4541-862C-A9A9936FB244}"
EndProject
Project("{FAE04EC0-301F-11D3-BF4B-00C04F79EFBC}") = "08-ExtractSentences", "ExtractSentences\08-ExtractSentences.csproj", "{0AE48595-D479-4225-9818-1A2E86E0EDD8}"
EndProject
Project("{FAE04EC0-301F-11D3-BF4B-00C04F79EFBC}") = "09-ForbiddenWords", "ForbiddenWords\09-ForbiddenWords.csproj", "{D9F4BBB0-4D35-41CD-BA1F-25786A659916}"
EndProject
Project("{FAE04EC0-301F-11D3-BF4B-00C04F79EFBC}") = "10-Unicodechars", "Unicodechars\10-Unicodechars.csproj", "{3C3B7351-F1F3-45C9-9BE3-19DF2D706D52}"
EndProject
Project("{FAE04EC0-301F-11D3-BF4B-00C04F79EFBC}") = "11-FormatNumber", "FormatNumber\11-FormatNumber.csproj", "{3B67269D-92BD-435A-95C7-09E483A40D0D}"
EndProject
Project("{FAE04EC0-301F-11D3-BF4B-00C04F79EFBC}") = "12-ParseURL", "ParseURL\12-ParseURL.csproj", "{96D6A4EF-FEB6-415A-BA5B-D0A838D5C677}"
EndProject
Project("{FAE04EC0-301F-11D3-BF4B-00C04F79EFBC}") = "13-ReverseSentence", "ReverseSentence\13-ReverseSentence.csproj", "{AC999A51-E490-48F5-99D6-E63309E856C8}"
EndProject
Project("{FAE04EC0-301F-11D3-BF4B-00C04F79EFBC}") = "14-WordDictionary", "WordDictionary\14-WordDictionary.csproj", "{45F66A58-B803-457B-B265-8EF19EF21E39}"
EndProject
Project("{FAE04EC0-301F-11D3-BF4B-00C04F79EFBC}") = "15-ReplaceTags", "ReplaceTags\15-ReplaceTags.csproj", "{22F5DF4D-C560-47CB-81D2-E5333F590A47}"
EndProject
Project("{FAE04EC0-301F-11D3-BF4B-00C04F79EFBC}") = "16-DateDiff", "DateDiff\16-DateDiff.csproj", "{35F3F638-226E-45F5-8068-3B8001BE77BF}"
EndProject
Project("{FAE04EC0-301F-11D3-BF4B-00C04F79EFBC}") = "17-DateInBulgaria", "DateInBulgaria\17-DateInBulgaria.csproj", "{3A4E9A7A-D938-42CF-B94B-3D4971F5033E}"
EndProject
Project("{FAE04EC0-301F-11D3-BF4B-00C04F79EFBC}") = "18-ExEmails", "ExEmails\18-ExEmails.csproj", "{1049C73D-647A-4654-A704-83F21DE35C00}"
EndProject
Project("{FAE04EC0-301F-11D3-BF4B-00C04F79EFBC}") = "19-canada", "canada\19-canada.csproj", "{9B208980-8294-474E-8960-964664BE4018}"
EndProject
Project("{FAE04EC0-301F-11D3-BF4B-00C04F79EFBC}") = "20-PalinDromes", "PalinDromes\20-PalinDromes.csproj", "{B115926B-74FD-468C-873F-B2C35FEC6946}"
EndProject
Project("{FAE04EC0-301F-11D3-BF4B-00C04F79EFBC}") = "21-LCount", "LCount\21-LCount.csproj", "{451A762C-AC1D-427A-9301-6EE16A575978}"
EndProject
Project("{FAE04EC0-301F-11D3-BF4B-00C04F79EFBC}") = "22-WordsCount", "WordsCount\22-WordsCount.csproj", "{C7CBB70E-5DED-49F0-ADE9-3A4CB9A9F5C6}"
EndProject
Project("{FAE04EC0-301F-11D3-BF4B-00C04F79EFBC}") = "23-SOfWords", "SOfWords\23-SOfWords.csproj", "{4B14AB2B-E24C-4766-A204-04B595F9A1D7}"
EndProject
Project("{FAE04EC0-301F-11D3-BF4B-00C04F79EFBC}") = "24-OrderWords", "OrderWords\24-OrderWords.csproj", "{DCACD8A2-4A7B-4484-AC50-6CDE0648C9CC}"
EndProject
Project("{FAE04EC0-301F-11D3-BF4B-00C04F79EFBC}") = "25-HTML", "HTML\25-HTML.csproj", "{0936F974-BCB2-43DE-9E8D-299857E6C734}"
EndProject
Global
	GlobalSection(SolutionConfigurationPlatforms) = preSolution
		Debug|Any CPU = Debug|Any CPU
		Release|Any CPU = Release|Any CPU
	EndGlobalSection
	GlobalSection(ProjectConfigurationPlatforms) = postSolution
		{9D5EA879-3BCE-4F9C-9CE2-3673E4828258}.Debug|Any CPU.ActiveCfg = Debug|Any CPU
		{9D5EA879-3BCE-4F9C-9CE2-3673E4828258}.Debug|Any CPU.Build.0 = Debug|Any CPU
		{9D5EA879-3BCE-4F9C-9CE2-3673E4828258}.Release|Any CPU.ActiveCfg = Release|Any CPU
		{9D5EA879-3BCE-4F9C-9CE2-3673E4828258}.Release|Any CPU.Build.0 = Release|Any CPU
		{E6A7E9BA-BCE7-418F-8D14-79B8C8846546}.Debug|Any CPU.ActiveCfg = Debug|Any CPU
		{E6A7E9BA-BCE7-418F-8D14-79B8C8846546}.Debug|Any CPU.Build.0 = Debug|Any CPU
		{E6A7E9BA-BCE7-418F-8D14-79B8C8846546}.Release|Any CPU.ActiveCfg = Release|Any CPU
		{E6A7E9BA-BCE7-418F-8D14-79B8C8846546}.Release|Any CPU.Build.0 = Release|Any CPU
		{3476315B-9FAE-43D8-8839-94650FF1BE66}.Debug|Any CPU.ActiveCfg = Debug|Any CPU
		{3476315B-9FAE-43D8-8839-94650FF1BE66}.Debug|Any CPU.Build.0 = Debug|Any CPU
		{3476315B-9FAE-43D8-8839-94650FF1BE66}.Release|Any CPU.ActiveCfg = Release|Any CPU
		{3476315B-9FAE-43D8-8839-94650FF1BE66}.Release|Any CPU.Build.0 = Release|Any CPU
		{71B1CE04-728D-4B76-A550-016C6D779C1A}.Debug|Any CPU.ActiveCfg = Debug|Any CPU
		{71B1CE04-728D-4B76-A550-016C6D779C1A}.Debug|Any CPU.Build.0 = Debug|Any CPU
		{71B1CE04-728D-4B76-A550-016C6D779C1A}.Release|Any CPU.ActiveCfg = Release|Any CPU
		{71B1CE04-728D-4B76-A550-016C6D779C1A}.Release|Any CPU.Build.0 = Release|Any CPU
		{62102BAF-9CD1-4CF8-9872-6CB9B2520F68}.Debug|Any CPU.ActiveCfg = Debug|Any CPU
		{62102BAF-9CD1-4CF8-9872-6CB9B2520F68}.Debug|Any CPU.Build.0 = Debug|Any CPU
		{62102BAF-9CD1-4CF8-9872-6CB9B2520F68}.Release|Any CPU.ActiveCfg = Release|Any CPU
		{62102BAF-9CD1-4CF8-9872-6CB9B2520F68}.Release|Any CPU.Build.0 = Release|Any CPU
		{E3365071-87CD-45F5-850F-B841B3DAB3EA}.Debug|Any CPU.ActiveCfg = Debug|Any CPU
		{E3365071-87CD-45F5-850F-B841B3DAB3EA}.Debug|Any CPU.Build.0 = Debug|Any CPU
		{E3365071-87CD-45F5-850F-B841B3DAB3EA}.Release|Any CPU.ActiveCfg = Release|Any CPU
		{E3365071-87CD-45F5-850F-B841B3DAB3EA}.Release|Any CPU.Build.0 = Release|Any CPU
		{540386A4-82BB-4541-862C-A9A9936FB244}.Debug|Any CPU.ActiveCfg = Debug|Any CPU
		{540386A4-82BB-4541-862C-A9A9936FB244}.Debug|Any CPU.Build.0 = Debug|Any CPU
		{540386A4-82BB-4541-862C-A9A9936FB244}.Release|Any CPU.ActiveCfg = Release|Any CPU
		{540386A4-82BB-4541-862C-A9A9936FB244}.Release|Any CPU.Build.0 = Release|Any CPU
		{0AE48595-D479-4225-9818-1A2E86E0EDD8}.Debug|Any CPU.ActiveCfg = Debug|Any CPU
		{0AE48595-D479-4225-9818-1A2E86E0EDD8}.Debug|Any CPU.Build.0 = Debug|Any CPU
		{0AE48595-D479-4225-9818-1A2E86E0EDD8}.Release|Any CPU.ActiveCfg = Release|Any CPU
		{0AE48595-D479-4225-9818-1A2E86E0EDD8}.Release|Any CPU.Build.0 = Release|Any CPU
		{D9F4BBB0-4D35-41CD-BA1F-25786A659916}.Debug|Any CPU.ActiveCfg = Debug|Any CPU
		{D9F4BBB0-4D35-41CD-BA1F-25786A659916}.Debug|Any CPU.Build.0 = Debug|Any CPU
		{D9F4BBB0-4D35-41CD-BA1F-25786A659916}.Release|Any CPU.ActiveCfg = Release|Any CPU
		{D9F4BBB0-4D35-41CD-BA1F-25786A659916}.Release|Any CPU.Build.0 = Release|Any CPU
		{3C3B7351-F1F3-45C9-9BE3-19DF2D706D52}.Debug|Any CPU.ActiveCfg = Debug|Any CPU
		{3C3B7351-F1F3-45C9-9BE3-19DF2D706D52}.Debug|Any CPU.Build.0 = Debug|Any CPU
		{3C3B7351-F1F3-45C9-9BE3-19DF2D706D52}.Release|Any CPU.ActiveCfg = Release|Any CPU
		{3C3B7351-F1F3-45C9-9BE3-19DF2D706D52}.Release|Any CPU.Build.0 = Release|Any CPU
		{3B67269D-92BD-435A-95C7-09E483A40D0D}.Debug|Any CPU.ActiveCfg = Debug|Any CPU
		{3B67269D-92BD-435A-95C7-09E483A40D0D}.Debug|Any CPU.Build.0 = Debug|Any CPU
		{3B67269D-92BD-435A-95C7-09E483A40D0D}.Release|Any CPU.ActiveCfg = Release|Any CPU
		{3B67269D-92BD-435A-95C7-09E483A40D0D}.Release|Any CPU.Build.0 = Release|Any CPU
		{96D6A4EF-FEB6-415A-BA5B-D0A838D5C677}.Debug|Any CPU.ActiveCfg = Debug|Any CPU
		{96D6A4EF-FEB6-415A-BA5B-D0A838D5C677}.Debug|Any CPU.Build.0 = Debug|Any CPU
		{96D6A4EF-FEB6-415A-BA5B-D0A838D5C677}.Release|Any CPU.ActiveCfg = Release|Any CPU
		{96D6A4EF-FEB6-415A-BA5B-D0A838D5C677}.Release|Any CPU.Build.0 = Release|Any CPU
		{AC999A51-E490-48F5-99D6-E63309E856C8}.Debug|Any CPU.ActiveCfg = Debug|Any CPU
		{AC999A51-E490-48F5-99D6-E63309E856C8}.Debug|Any CPU.Build.0 = Debug|Any CPU
		{AC999A51-E490-48F5-99D6-E63309E856C8}.Release|Any CPU.ActiveCfg = Release|Any CPU
		{AC999A51-E490-48F5-99D6-E63309E856C8}.Release|Any CPU.Build.0 = Release|Any CPU
		{45F66A58-B803-457B-B265-8EF19EF21E39}.Debug|Any CPU.ActiveCfg = Debug|Any CPU
		{45F66A58-B803-457B-B265-8EF19EF21E39}.Debug|Any CPU.Build.0 = Debug|Any CPU
		{45F66A58-B803-457B-B265-8EF19EF21E39}.Release|Any CPU.ActiveCfg = Release|Any CPU
		{45F66A58-B803-457B-B265-8EF19EF21E39}.Release|Any CPU.Build.0 = Release|Any CPU
		{22F5DF4D-C560-47CB-81D2-E5333F590A47}.Debug|Any CPU.ActiveCfg = Debug|Any CPU
		{22F5DF4D-C560-47CB-81D2-E5333F590A47}.Debug|Any CPU.Build.0 = Debug|Any CPU
		{22F5DF4D-C560-47CB-81D2-E5333F590A47}.Release|Any CPU.ActiveCfg = Release|Any CPU
		{22F5DF4D-C560-47CB-81D2-E5333F590A47}.Release|Any CPU.Build.0 = Release|Any CPU
		{35F3F638-226E-45F5-8068-3B8001BE77BF}.Debug|Any CPU.ActiveCfg = Debug|Any CPU
		{35F3F638-226E-45F5-8068-3B8001BE77BF}.Debug|Any CPU.Build.0 = Debug|Any CPU
		{35F3F638-226E-45F5-8068-3B8001BE77BF}.Release|Any CPU.ActiveCfg = Release|Any CPU
		{35F3F638-226E-45F5-8068-3B8001BE77BF}.Release|Any CPU.Build.0 = Release|Any CPU
		{3A4E9A7A-D938-42CF-B94B-3D4971F5033E}.Debug|Any CPU.ActiveCfg = Debug|Any CPU
		{3A4E9A7A-D938-42CF-B94B-3D4971F5033E}.Debug|Any CPU.Build.0 = Debug|Any CPU
		{3A4E9A7A-D938-42CF-B94B-3D4971F5033E}.Release|Any CPU.ActiveCfg = Release|Any CPU
		{3A4E9A7A-D938-42CF-B94B-3D4971F5033E}.Release|Any CPU.Build.0 = Release|Any CPU
		{1049C73D-647A-4654-A704-83F21DE35C00}.Debug|Any CPU.ActiveCfg = Debug|Any CPU
		{1049C73D-647A-4654-A704-83F21DE35C00}.Debug|Any CPU.Build.0 = Debug|Any CPU
		{1049C73D-647A-4654-A704-83F21DE35C00}.Release|Any CPU.ActiveCfg = Release|Any CPU
		{1049C73D-647A-4654-A704-83F21DE35C00}.Release|Any CPU.Build.0 = Release|Any CPU
		{9B208980-8294-474E-8960-964664BE4018}.Debug|Any CPU.ActiveCfg = Debug|Any CPU
		{9B208980-8294-474E-8960-964664BE4018}.Debug|Any CPU.Build.0 = Debug|Any CPU
		{9B208980-8294-474E-8960-964664BE4018}.Release|Any CPU.ActiveCfg = Release|Any CPU
		{9B208980-8294-474E-8960-964664BE4018}.Release|Any CPU.Build.0 = Release|Any CPU
		{B115926B-74FD-468C-873F-B2C35FEC6946}.Debug|Any CPU.ActiveCfg = Debug|Any CPU
		{B115926B-74FD-468C-873F-B2C35FEC6946}.Debug|Any CPU.Build.0 = Debug|Any CPU
		{B115926B-74FD-468C-873F-B2C35FEC6946}.Release|Any CPU.ActiveCfg = Release|Any CPU
		{B115926B-74FD-468C-873F-B2C35FEC6946}.Release|Any CPU.Build.0 = Release|Any CPU
		{451A762C-AC1D-427A-9301-6EE16A575978}.Debug|Any CPU.ActiveCfg = Debug|Any CPU
		{451A762C-AC1D-427A-9301-6EE16A575978}.Debug|Any CPU.Build.0 = Debug|Any CPU
		{451A762C-AC1D-427A-9301-6EE16A575978}.Release|Any CPU.ActiveCfg = Release|Any CPU
		{451A762C-AC1D-427A-9301-6EE16A575978}.Release|Any CPU.Build.0 = Release|Any CPU
		{C7CBB70E-5DED-49F0-ADE9-3A4CB9A9F5C6}.Debug|Any CPU.ActiveCfg = Debug|Any CPU
		{C7CBB70E-5DED-49F0-ADE9-3A4CB9A9F5C6}.Debug|Any CPU.Build.0 = Debug|Any CPU
		{C7CBB70E-5DED-49F0-ADE9-3A4CB9A9F5C6}.Release|Any CPU.ActiveCfg = Release|Any CPU
		{C7CBB70E-5DED-49F0-ADE9-3A4CB9A9F5C6}.Release|Any CPU.Build.0 = Release|Any CPU
		{4B14AB2B-E24C-4766-A204-04B595F9A1D7}.Debug|Any CPU.ActiveCfg = Debug|Any CPU
		{4B14AB2B-E24C-4766-A204-04B595F9A1D7}.Debug|Any CPU.Build.0 = Debug|Any CPU
		{4B14AB2B-E24C-4766-A204-04B595F9A1D7}.Release|Any CPU.ActiveCfg = Release|Any CPU
		{4B14AB2B-E24C-4766-A204-04B595F9A1D7}.Release|Any CPU.Build.0 = Release|Any CPU
		{DCACD8A2-4A7B-4484-AC50-6CDE0648C9CC}.Debug|Any CPU.ActiveCfg = Debug|Any CPU
		{DCACD8A2-4A7B-4484-AC50-6CDE0648C9CC}.Debug|Any CPU.Build.0 = Debug|Any CPU
		{DCACD8A2-4A7B-4484-AC50-6CDE0648C9CC}.Release|Any CPU.ActiveCfg = Release|Any CPU
		{DCACD8A2-4A7B-4484-AC50-6CDE0648C9CC}.Release|Any CPU.Build.0 = Release|Any CPU
		{0936F974-BCB2-43DE-9E8D-299857E6C734}.Debug|Any CPU.ActiveCfg = Debug|Any CPU
		{0936F974-BCB2-43DE-9E8D-299857E6C734}.Debug|Any CPU.Build.0 = Debug|Any CPU
		{0936F974-BCB2-43DE-9E8D-299857E6C734}.Release|Any CPU.ActiveCfg = Release|Any CPU
		{0936F974-BCB2-43DE-9E8D-299857E6C734}.Release|Any CPU.Build.0 = Release|Any CPU
	EndGlobalSection
	GlobalSection(SolutionProperties) = preSolution
		HideSolutionNode = FALSE
	EndGlobalSection
EndGlobal
